<Solution>
  <Project Path="AvaloniaTest.Android/AvaloniaTest.Android.csproj">
    <Deploy />
  </Project>
  <Project Path="AvaloniaTest.Browser/AvaloniaTest.Browser.csproj" />
  <Project Path="AvaloniaTest.Desktop/AvaloniaTest.Desktop.csproj" />
  <Project Path="AvaloniaTest.iOS/AvaloniaTest.iOS.csproj">
    <Deploy />
  </Project>
  <Project Path="AvaloniaTest/AvaloniaTest.csproj" />
</Solution>
